// !$*UTF8*$!
{
	archiveVersion = 1;
	classes = {
	};
	objectVersion = 46;
	objects = {

/* Begin PBXBuildFile section */
		FDE398351DF57D62000CA168 /* main.m in Sources */ = {isa = PBXBuildFile; fileRef = FDE398341DF57D62000CA168 /* main.m */; };
		FDE398381DF57D62000CA168 /* AppDelegate.m in Sources */ = {isa = PBXBuildFile; fileRef = FDE398371DF57D62000CA168 /* AppDelegate.m */; };
		FDE3983B1DF57D62000CA168 /* ViewController.m in Sources */ = {isa = PBXBuildFile; fileRef = FDE3983A1DF57D62000CA168 /* ViewController.m */; };
		FDE3983E1DF57D62000CA168 /* Main.storyboard in Resources */ = {isa = PBXBuildFile; fileRef = FDE3983C1DF57D62000CA168 /* Main.storyboard */; };
		FDE398401DF57D62000CA168 /* Assets.xcassets in Resources */ = {isa = PBXBuildFile; fileRef = FDE3983F1DF57D62000CA168 /* Assets.xcassets */; };
		FDE398431DF57D62000CA168 /* LaunchScreen.storyboard in Resources */ = {isa = PBXBuildFile; fileRef = FDE398411DF57D62000CA168 /* LaunchScreen.storyboard */; };
		FDE3984E1DF57D62000CA168 /* cgy_analyzedTests.m in Sources */ = {isa = PBXBuildFile; fileRef = FDE3984D1DF57D62000CA168 /* cgy_analyzedTests.m */; };
		FDE398591DF57D62000CA168 /* cgy_analyzedUITests.m in Sources */ = {isa = PBXBuildFile; fileRef = FDE398581DF57D62000CA168 /* cgy_analyzedUITests.m */; };
		FDE3986C1DF57E35000CA168 /* NSObject+CGY.m in Sources */ = {isa = PBXBuildFile; fileRef = FDE3986B1DF57E35000CA168 /* NSObject+CGY.m */; };
		FDE3986F1DF66177000CA168 /* testDemo.m in Sources */ = {isa = PBXBuildFile; fileRef = FDE3986E1DF66177000CA168 /* testDemo.m */; };
		FDE398721DF6D067000CA168 /* testDemo_2.m in Sources */ = {isa = PBXBuildFile; fileRef = FDE398711DF6D067000CA168 /* testDemo_2.m */; };
/* End PBXBuildFile section */

/* Begin PBXContainerItemProxy section */
		FDE3984A1DF57D62000CA168 /* PBXContainerItemProxy */ = {
			isa = PBXContainerItemProxy;
			containerPortal = FDE398281DF57D62000CA168 /* Project object */;
			proxyType = 1;
			remoteGlobalIDString = FDE3982F1DF57D62000CA168;
			remoteInfo = cgy_analyzed;
		};
		FDE398551DF57D62000CA168 /* PBXContainerItemProxy */ = {
			isa = PBXContainerItemProxy;
			containerPortal = FDE398281DF57D62000CA168 /* Project object */;
			proxyType = 1;
			remoteGlobalIDString = FDE3982F1DF57D62000CA168;
			remoteInfo = cgy_analyzed;
		};
/* End PBXContainerItemProxy section */

/* Begin PBXFileReference section */
		FDE398301DF57D62000CA168 /* cgy_analyzed.app */ = {isa = PBXFileReference; explicitFileType = wrapper.application; includeInIndex = 0; path = cgy_analyzed.app; sourceTree = BUILT_PRODUCTS_DIR; };
		FDE398341DF57D62000CA168 /* main.m */ = {isa = PBXFileReference; lastKnownFileType = sourcecode.c.objc; path = main.m; sourceTree = "<group>"; };
		FDE398361DF57D62000CA168 /* AppDelegate.h */ = {isa = PBXFileReference; lastKnownFileType = sourcecode.c.h; path = AppDelegate.h; sourceTree = "<group>"; };
		FDE398371DF57D62000CA168 /* AppDelegate.m */ = {isa = PBXFileReference; lastKnownFileType = sourcecode.c.objc; path = AppDelegate.m; sourceTree = "<group>"; };
		FDE398391DF57D62000CA168 /* ViewController.h */ = {isa = PBXFileReference; lastKnownFileType = sourcecode.c.h; path = ViewController.h; sourceTree = "<group>"; };
		FDE3983A1DF57D62000CA168 /* ViewController.m */ = {isa = PBXFileReference; lastKnownFileType = sourcecode.c.objc; path = ViewController.m; sourceTree = "<group>"; };
		FDE3983D1DF57D62000CA168 /* Base */ = {isa = PBXFileReference; lastKnownFileType = file.storyboard; name = Base; path = Base.lproj/Main.storyboard; sourceTree = "<group>"; };
		FDE3983F1DF57D62000CA168 /* Assets.xcassets */ = {isa = PBXFileReference; lastKnownFileType = folder.assetcatalog; path = Assets.xcassets; sourceTree = "<group>"; };
		FDE398421DF57D62000CA168 /* Base */ = {isa = PBXFileReference; lastKnownFileType = file.storyboard; name = Base; path = Base.lproj/LaunchScreen.storyboard; sourceTree = "<group>"; };
		FDE398441DF57D62000CA168 /* Info.plist */ = {isa = PBXFileReference; lastKnownFileType = text.plist.xml; path = Info.plist; sourceTree = "<group>"; };
		FDE398491DF57D62000CA168 /* cgy_analyzedTests.xctest */ = {isa = PBXFileReference; explicitFileType = wrapper.cfbundle; includeInIndex = 0; path = cgy_analyzedTests.xctest; sourceTree = BUILT_PRODUCTS_DIR; };
		FDE3984D1DF57D62000CA168 /* cgy_analyzedTests.m */ = {isa = PBXFileReference; lastKnownFileType = sourcecode.c.objc; path = cgy_analyzedTests.m; sourceTree = "<group>"; };
		FDE3984F1DF57D62000CA168 /* Info.plist */ = {isa = PBXFileReference; lastKnownFileType = text.plist.xml; path = Info.plist; sourceTree = "<group>"; };
		FDE398541DF57D62000CA168 /* cgy_analyzedUITests.xctest */ = {isa = PBXFileReference; explicitFileType = wrapper.cfbundle; includeInIndex = 0; path = cgy_analyzedUITests.xctest; sourceTree = BUILT_PRODUCTS_DIR; };
		FDE398581DF57D62000CA168 /* cgy_analyzedUITests.m */ = {isa = PBXFileReference; lastKnownFileType = sourcecode.c.objc; path = cgy_analyzedUITests.m; sourceTree = "<group>"; };
		FDE3985A1DF57D62000CA168 /* Info.plist */ = {isa = PBXFileReference; lastKnownFileType = text.plist.xml; path = Info.plist; sourceTree = "<group>"; };
		FDE3986A1DF57E35000CA168 /* NSObject+CGY.h */ = {isa = PBXFileReference; fileEncoding = 4; lastKnownFileType = sourcecode.c.h; path = "NSObject+CGY.h"; sourceTree = "<group>"; };
		FDE3986B1DF57E35000CA168 /* NSObject+CGY.m */ = {isa = PBXFileReference; fileEncoding = 4; lastKnownFileType = sourcecode.c.objc; path = "NSObject+CGY.m"; sourceTree = "<group>"; };
		FDE3986D1DF66177000CA168 /* testDemo.h */ = {isa = PBXFileReference; fileEncoding = 4; lastKnownFileType = sourcecode.c.h; path = testDemo.h; sourceTree = "<group>"; };
		FDE3986E1DF66177000CA168 /* testDemo.m */ = {isa = PBXFileReference; fileEncoding = 4; lastKnownFileType = sourcecode.c.objc; path = testDemo.m; sourceTree = "<group>"; };
		FDE398701DF6D067000CA168 /* testDemo_2.h */ = {isa = PBXFileReference; fileEncoding = 4; lastKnownFileType = sourcecode.c.h; path = testDemo_2.h; sourceTree = "<group>"; };
		FDE398711DF6D067000CA168 /* testDemo_2.m */ = {isa = PBXFileReference; fileEncoding = 4; lastKnownFileType = sourcecode.c.objc; path = testDemo_2.m; sourceTree = "<group>"; };
/* End PBXFileReference section */

/* Begin PBXFrameworksBuildPhase section */
		FDE3982D1DF57D62000CA168 /* Frameworks */ = {
			isa = PBXFrameworksBuildPhase;
			buildActionMask = 2147483647;
			files = (
			);
			runOnlyForDeploymentPostprocessing = 0;
		};
		FDE398461DF57D62000CA168 /* Frameworks */ = {
			isa = PBXFrameworksBuildPhase;
			buildActionMask = 2147483647;
			files = (
			);
			runOnlyForDeploymentPostprocessing = 0;
		};
		FDE398511DF57D62000CA168 /* Frameworks */ = {
			isa = PBXFrameworksBuildPhase;
			buildActionMask = 2147483647;
			files = (
			);
			runOnlyForDeploymentPostprocessing = 0;
		};
/* End PBXFrameworksBuildPhase section */

/* Begin PBXGroup section */
		FDE398271DF57D62000CA168 = {
			isa = PBXGroup;
			children = (
				FDE398701DF6D067000CA168 /* testDemo_2.h */,
				FDE398711DF6D067000CA168 /* testDemo_2.m */,
				FDE3986D1DF66177000CA168 /* testDemo.h */,
				FDE3986E1DF66177000CA168 /* testDemo.m */,
				FDE398321DF57D62000CA168 /* cgy_analyzed */,
				FDE3984C1DF57D62000CA168 /* cgy_analyzedTests */,
				FDE398571DF57D62000CA168 /* cgy_analyzedUITests */,
				FDE398311DF57D62000CA168 /* Products */,
			);
			sourceTree = "<group>";
		};
		FDE398311DF57D62000CA168 /* Products */ = {
			isa = PBXGroup;
			children = (
				FDE398301DF57D62000CA168 /* cgy_analyzed.app */,
				FDE398491DF57D62000CA168 /* cgy_analyzedTests.xctest */,
				FDE398541DF57D62000CA168 /* cgy_analyzedUITests.xctest */,
			);
			name = Products;
			sourceTree = "<group>";
		};
		FDE398321DF57D62000CA168 /* cgy_analyzed */ = {
			isa = PBXGroup;
			children = (
				FDE398661DF57D9C000CA168 /* analyzed */,
				FDE398361DF57D62000CA168 /* AppDelegate.h */,
				FDE398371DF57D62000CA168 /* AppDelegate.m */,
				FDE398391DF57D62000CA168 /* ViewController.h */,
				FDE3983A1DF57D62000CA168 /* ViewController.m */,
				FDE3983C1DF57D62000CA168 /* Main.storyboard */,
				FDE3983F1DF57D62000CA168 /* Assets.xcassets */,
				FDE398411DF57D62000CA168 /* LaunchScreen.storyboard */,
				FDE398441DF57D62000CA168 /* Info.plist */,
				FDE398331DF57D62000CA168 /* Supporting Files */,
			);
			path = cgy_analyzed;
			sourceTree = "<group>";
		};
		FDE398331DF57D62000CA168 /* Supporting Files */ = {
			isa = PBXGroup;
			children = (
				FDE398341DF57D62000CA168 /* main.m */,
			);
			name = "Supporting Files";
			sourceTree = "<group>";
		};
		FDE3984C1DF57D62000CA168 /* cgy_analyzedTests */ = {
			isa = PBXGroup;
			children = (
				FDE3984D1DF57D62000CA168 /* cgy_analyzedTests.m */,
				FDE3984F1DF57D62000CA168 /* Info.plist */,
			);
			path = cgy_analyzedTests;
			sourceTree = "<group>";
		};
		FDE398571DF57D62000CA168 /* cgy_analyzedUITests */ = {
			isa = PBXGroup;
			children = (
				FDE398581DF57D62000CA168 /* cgy_analyzedUITests.m */,
				FDE3985A1DF57D62000CA168 /* Info.plist */,
			);
			path = cgy_analyzedUITests;
			sourceTree = "<group>";
		};
		FDE398661DF57D9C000CA168 /* analyzed */ = {
			isa = PBXGroup;
			children = (
				FDE3986A1DF57E35000CA168 /* NSObject+CGY.h */,
				FDE3986B1DF57E35000CA168 /* NSObject+CGY.m */,
			);
			path = analyzed;
			sourceTree = "<group>";
		};
/* End PBXGroup section */

/* Begin PBXNativeTarget section */
		FDE3982F1DF57D62000CA168 /* cgy_analyzed */ = {
			isa = PBXNativeTarget;
			buildConfigurationList = FDE3985D1DF57D62000CA168 /* Build configuration list for PBXNativeTarget "cgy_analyzed" */;
			buildPhases = (
				FDE3982C1DF57D62000CA168 /* Sources */,
				FDE3982D1DF57D62000CA168 /* Frameworks */,
				FDE3982E1DF57D62000CA168 /* Resources */,
			);
			buildRules = (
			);
			dependencies = (
			);
			name = cgy_analyzed;
			productName = cgy_analyzed;
			productReference = FDE398301DF57D62000CA168 /* cgy_analyzed.app */;
			productType = "com.apple.product-type.application";
		};
		FDE398481DF57D62000CA168 /* cgy_analyzedTests */ = {
			isa = PBXNativeTarget;
			buildConfigurationList = FDE398601DF57D62000CA168 /* Build configuration list for PBXNativeTarget "cgy_analyzedTests" */;
			buildPhases = (
				FDE398451DF57D62000CA168 /* Sources */,
				FDE398461DF57D62000CA168 /* Frameworks */,
				FDE398471DF57D62000CA168 /* Resources */,
			);
			buildRules = (
			);
			dependencies = (
				FDE3984B1DF57D62000CA168 /* PBXTargetDependency */,
			);
			name = cgy_analyzedTests;
			productName = cgy_analyzedTests;
			productReference = FDE398491DF57D62000CA168 /* cgy_analyzedTests.xctest */;
			productType = "com.apple.product-type.bundle.unit-test";
		};
		FDE398531DF57D62000CA168 /* cgy_analyzedUITests */ = {
			isa = PBXNativeTarget;
			buildConfigurationList = FDE398631DF57D62000CA168 /* Build configuration list for PBXNativeTarget "cgy_analyzedUITests" */;
			buildPhases = (
				FDE398501DF57D62000CA168 /* Sources */,
				FDE398511DF57D62000CA168 /* Frameworks */,
				FDE398521DF57D62000CA168 /* Resources */,
			);
			buildRules = (
			);
			dependencies = (
				FDE398561DF57D62000CA168 /* PBXTargetDependency */,
			);
			name = cgy_analyzedUITests;
			productName = cgy_analyzedUITests;
			productReference = FDE398541DF57D62000CA168 /* cgy_analyzedUITests.xctest */;
			productType = "com.apple.product-type.bundle.ui-testing";
		};
/* End PBXNativeTarget section */

/* Begin PBXProject section */
		FDE398281DF57D62000CA168 /* Project object */ = {
			isa = PBXProject;
			attributes = {
				LastUpgradeCheck = 0810;
				ORGANIZATIONNAME = tiaopi.cgy;
				TargetAttributes = {
					FDE3982F1DF57D62000CA168 = {
						CreatedOnToolsVersion = 8.1;
						DevelopmentTeam = K7ZF6CSG64;
						ProvisioningStyle = Automatic;
					};
					FDE398481DF57D62000CA168 = {
						CreatedOnToolsVersion = 8.1;
						ProvisioningStyle = Automatic;
						TestTargetID = FDE3982F1DF57D62000CA168;
					};
					FDE398531DF57D62000CA168 = {
						CreatedOnToolsVersion = 8.1;
						ProvisioningStyle = Automatic;
						TestTargetID = FDE3982F1DF57D62000CA168;
					};
				};
			};
			buildConfigurationList = FDE3982B1DF57D62000CA168 /* Build configuration list for PBXProject "cgy_analyzed" */;
			compatibilityVersion = "Xcode 3.2";
			developmentRegion = English;
			hasScannedForEncodings = 0;
			knownRegions = (
				en,
				Base,
			);
			mainGroup = FDE398271DF57D62000CA168;
			productRefGroup = FDE398311DF57D62000CA168 /* Products */;
			projectDirPath = "";
			projectRoot = "";
			targets = (
				FDE3982F1DF57D62000CA168 /* cgy_analyzed */,
				FDE398481DF57D62000CA168 /* cgy_analyzedTests */,
				FDE398531DF57D62000CA168 /* cgy_analyzedUITests */,
			);
		};
/* End PBXProject section */

/* Begin PBXResourcesBuildPhase section */
		FDE3982E1DF57D62000CA168 /* Resources */ = {
			isa = PBXResourcesBuildPhase;
			buildActionMask = 2147483647;
			files = (
				FDE398431DF57D62000CA168 /* LaunchScreen.storyboard in Resources */,
				FDE398401DF57D62000CA168 /* Assets.xcassets in Resources */,
				FDE3983E1DF57D62000CA168 /* Main.storyboard in Resources */,
			);
			runOnlyForDeploymentPostprocessing = 0;
		};
		FDE398471DF57D62000CA168 /* Resources */ = {
			isa = PBXResourcesBuildPhase;
			buildActionMask = 2147483647;
			files = (
			);
			runOnlyForDeploymentPostprocessing = 0;
		};
		FDE398521DF57D62000CA168 /* Resources */ = {
			isa = PBXResourcesBuildPhase;
			buildActionMask = 2147483647;
			files = (
			);
			runOnlyForDeploymentPostprocessing = 0;
		};
/* End PBXResourcesBuildPhase section */

/* Begin PBXSourcesBuildPhase section */
		FDE3982C1DF57D62000CA168 /* Sources */ = {
			isa = PBXSourcesBuildPhase;
			buildActionMask = 2147483647;
			files = (
				FDE3983B1DF57D62000CA168 /* ViewController.m in Sources */,
				FDE398381DF57D62000CA168 /* AppDelegate.m in Sources */,
				FDE398351DF57D62000CA168 /* main.m in Sources */,
				FDE398721DF6D067000CA168 /* testDemo_2.m in Sources */,
				FDE3986F1DF66177000CA168 /* testDemo.m in Sources */,
				FDE3986C1DF57E35000CA168 /* NSObject+CGY.m in Sources */,
			);
			runOnlyForDeploymentPostprocessing = 0;
		};
		FDE398451DF57D62000CA168 /* Sources */ = {
			isa = PBXSourcesBuildPhase;
			buildActionMask = 2147483647;
			files = (
				FDE3984E1DF57D62000CA168 /* cgy_analyzedTests.m in Sources */,
			);
			runOnlyForDeploymentPostprocessing = 0;
		};
		FDE398501DF57D62000CA168 /* Sources */ = {
			isa = PBXSourcesBuildPhase;
			buildActionMask = 2147483647;
			files = (
				FDE398591DF57D62000CA168 /* cgy_analyzedUITests.m in Sources */,
			);
			runOnlyForDeploymentPostprocessing = 0;
		};
/* End PBXSourcesBuildPhase section */

/* Begin PBXTargetDependency section */
		FDE3984B1DF57D62000CA168 /* PBXTargetDependency */ = {
			isa = PBXTargetDependency;
			target = FDE3982F1DF57D62000CA168 /* cgy_analyzed */;
			targetProxy = FDE3984A1DF57D62000CA168 /* PBXContainerItemProxy */;
		};
		FDE398561DF57D62000CA168 /* PBXTargetDependency */ = {
			isa = PBXTargetDependency;
			target = FDE3982F1DF57D62000CA168 /* cgy_analyzed */;
			targetProxy = FDE398551DF57D62000CA168 /* PBXContainerItemProxy */;
		};
/* End PBXTargetDependency section */

/* Begin PBXVariantGroup section */
		FDE3983C1DF57D62000CA168 /* Main.storyboard */ = {
			isa = PBXVariantGroup;
			children = (
				FDE3983D1DF57D62000CA168 /* Base */,
			);
			name = Main.storyboard;
			sourceTree = "<group>";
		};
		FDE398411DF57D62000CA168 /* LaunchScreen.storyboard */ = {
			isa = PBXVariantGroup;
			children = (
				FDE398421DF57D62000CA168 /* Base */,
			);
			name = LaunchScreen.storyboard;
			sourceTree = "<group>";
		};
/* End PBXVariantGroup section */

/* Begin XCBuildConfiguration section */
		FDE3985B1DF57D62000CA168 /* Debug */ = {
			isa = XCBuildConfiguration;
			buildSettings = {
				ALWAYS_SEARCH_USER_PATHS = NO;
				CLANG_ANALYZER_NONNULL = YES;
				CLANG_CXX_LANGUAGE_STANDARD = "gnu++0x";
				CLANG_CXX_LIBRARY = "libc++";
				CLANG_ENABLE_MODULES = YES;
				CLANG_ENABLE_OBJC_ARC = YES;
				CLANG_WARN_BOOL_CONVERSION = YES;
				CLANG_WARN_CONSTANT_CONVERSION = YES;
				CLANG_WARN_DIRECT_OBJC_ISA_USAGE = YES_ERROR;
				CLANG_WARN_DOCUMENTATION_COMMENTS = YES;
				CLANG_WARN_EMPTY_BODY = YES;
				CLANG_WARN_ENUM_CONVERSION = YES;
				CLANG_WARN_INFINITE_RECURSION = YES;
				CLANG_WARN_INT_CONVERSION = YES;
				CLANG_WARN_OBJC_ROOT_CLASS = YES_ERROR;
				CLANG_WARN_SUSPICIOUS_MOVES = YES;
				CLANG_WARN_UNREACHABLE_CODE = YES;
				CLANG_WARN__DUPLICATE_METHOD_MATCH = YES;
				"CODE_SIGN_IDENTITY[sdk=iphoneos*]" = "iPhone Developer";
				COPY_PHASE_STRIP = NO;
				DEBUG_INFORMATION_FORMAT = dwarf;
				ENABLE_STRICT_OBJC_MSGSEND = YES;
				ENABLE_TESTABILITY = YES;
				GCC_C_LANGUAGE_STANDARD = gnu99;
				GCC_DYNAMIC_NO_PIC = NO;
				GCC_NO_COMMON_BLOCKS = YES;
				GCC_OPTIMIZATION_LEVEL = 0;
				GCC_PREPROCESSOR_DEFINITIONS = (
					"DEBUG=1",
					"$(inherited)",
				);
				GCC_WARN_64_TO_32_BIT_CONVERSION = YES;
				GCC_WARN_ABOUT_RETURN_TYPE = YES_ERROR;
				GCC_WARN_UNDECLARED_SELECTOR = YES;
				GCC_WARN_UNINITIALIZED_AUTOS = YES_AGGRESSIVE;
				GCC_WARN_UNUSED_FUNCTION = YES;
				GCC_WARN_UNUSED_VARIABLE = YES;
				IPHONEOS_DEPLOYMENT_TARGET = 10.1;
				MTL_ENABLE_DEBUG_INFO = YES;
				ONLY_ACTIVE_ARCH = YES;
				SDKROOT = iphoneos;
			};
			name = Debug;
		};
		FDE3985C1DF57D62000CA168 /* Release */ = {
			isa = XCBuildConfiguration;
			buildSettings = {
				ALWAYS_SEARCH_USER_PATHS = NO;
				CLANG_ANALYZER_NONNULL = YES;
				CLANG_CXX_LANGUAGE_STANDARD = "gnu++0x";
				CLANG_CXX_LIBRARY = "libc++";
				CLANG_ENABLE_MODULES = YES;
				CLANG_ENABLE_OBJC_ARC = YES;
				CLANG_WARN_BOOL_CONVERSION = YES;
				CLANG_WARN_CONSTANT_CONVERSION = YES;
				CLANG_WARN_DIRECT_OBJC_ISA_USAGE = YES_ERROR;
				CLANG_WARN_DOCUMENTATION_COMMENTS = YES;
				CLANG_WARN_EMPTY_BODY = YES;
				CLANG_WARN_ENUM_CONVERSION = YES;
				CLANG_WARN_INFINITE_RECURSION = YES;
				CLANG_WARN_INT_CONVERSION = YES;
				CLANG_WARN_OBJC_ROOT_CLASS = YES_ERROR;
				CLANG_WARN_SUSPICIOUS_MOVES = YES;
				CLANG_WARN_UNREACHABLE_CODE = YES;
				CLANG_WARN__DUPLICATE_METHOD_MATCH = YES;
				"CODE_SIGN_IDENTITY[sdk=iphoneos*]" = "iPhone Developer";
				COPY_PHASE_STRIP = NO;
				DEBUG_INFORMATION_FORMAT = "dwarf-with-dsym";
				ENABLE_NS_ASSERTIONS = NO;
				ENABLE_STRICT_OBJC_MSGSEND = YES;
				GCC_C_LANGUAGE_STANDARD = gnu99;
				GCC_NO_COMMON_BLOCKS = YES;
				GCC_WARN_64_TO_32_BIT_CONVERSION = YES;
				GCC_WARN_ABOUT_RETURN_TYPE = YES_ERROR;
				GCC_WARN_UNDECLARED_SELECTOR = YES;
				GCC_WARN_UNINITIALIZED_AUTOS = YES_AGGRESSIVE;
				GCC_WARN_UNUSED_FUNCTION = YES;
				GCC_WARN_UNUSED_VARIABLE = YES;
				IPHONEOS_DEPLOYMENT_TARGET = 10.1;
				MTL_ENABLE_DEBUG_INFO = NO;
				SDKROOT = iphoneos;
				VALIDATE_PRODUCT = YES;
			};
			name = Release;
		};
		FDE3985E1DF57D62000CA168 /* Debug */ = {
			isa = XCBuildConfiguration;
			buildSettings = {
				ASSETCATALOG_COMPILER_APPICON_NAME = AppIcon;
				DEVELOPMENT_TEAM = K7ZF6CSG64;
				INFOPLIST_FILE = cgy_analyzed/Info.plist;
				IPHONEOS_DEPLOYMENT_TARGET = 8.0;
				LD_RUNPATH_SEARCH_PATHS = "$(inherited) @executable_path/Frameworks";
				PRODUCT_BUNDLE_IDENTIFIER = "tiaopi.CGY.cgy-analyzed";
				PRODUCT_NAME = "$(TARGET_NAME)";
			};
			name = Debug;
		};
		FDE3985F1DF57D62000CA168 /* Release */ = {
			isa = XCBuildConfiguration;
			buildSettings = {
				ASSETCATALOG_COMPILER_APPICON_NAME = AppIcon;
				DEVELOPMENT_TEAM = K7ZF6CSG64;
				INFOPLIST_FILE = cgy_analyzed/Info.plist;
				IPHONEOS_DEPLOYMENT_TARGET = 8.0;
				LD_RUNPATH_SEARCH_PATHS = "$(inherited) @executable_path/Frameworks";
				PRODUCT_BUNDLE_IDENTIFIER = "tiaopi.CGY.cgy-analyzed";
				PRODUCT_NAME = "$(TARGET_NAME)";
			};
			name = Release;
		};
		FDE398611DF57D62000CA168 /* Debug */ = {
			isa = XCBuildConfiguration;
			buildSettings = {
				BUNDLE_LOADER = "$(TEST_HOST)";
				INFOPLIST_FILE = cgy_analyzedTests/Info.plist;
				LD_RUNPATH_SEARCH_PATHS = "$(inherited) @executable_path/Frameworks @loader_path/Frameworks";
				PRODUCT_BUNDLE_IDENTIFIER = "tiaopi.CGY.cgy-analyzedTests";
				PRODUCT_NAME = "$(TARGET_NAME)";
				TEST_HOST = "$(BUILT_PRODUCTS_DIR)/cgy_analyzed.app/cgy_analyzed";
			};
			name = Debug;
		};
		FDE398621DF57D62000CA168 /* Release */ = {
			isa = XCBuildConfiguration;
			buildSettings = {
				BUNDLE_LOADER = "$(TEST_HOST)";
				INFOPLIST_FILE = cgy_analyzedTests/Info.plist;
				LD_RUNPATH_SEARCH_PATHS = "$(inherited) @executable_path/Frameworks @loader_path/Frameworks";
				PRODUCT_BUNDLE_IDENTIFIER = "tiaopi.CGY.cgy-analyzedTests";
				PRODUCT_NAME = "$(TARGET_NAME)";
				TEST_HOST = "$(BUILT_PRODUCTS_DIR)/cgy_analyzed.app/cgy_analyzed";
			};
			name = Release;
		};
		FDE398641DF57D62000CA168 /* Debug */ = {
			isa = XCBuildConfiguration;
			buildSettings = {
				INFOPLIST_FILE = cgy_analyzedUITests/Info.plist;
				LD_RUNPATH_SEARCH_PATHS = "$(inherited) @executable_path/Frameworks @loader_path/Frameworks";
				PRODUCT_BUNDLE_IDENTIFIER = "tiaopi.CGY.cgy-analyzedUITests";
				PRODUCT_NAME = "$(TARGET_NAME)";
				TEST_TARGET_NAME = cgy_analyzed;
			};
			name = Debug;
		};
		FDE398651DF57D62000CA168 /* Release */ = {
			isa = XCBuildConfiguration;
			buildSettings = {
				INFOPLIST_FILE = cgy_analyzedUITests/Info.plist;
				LD_RUNPATH_SEARCH_PATHS = "$(inherited) @executable_path/Frameworks @loader_path/Frameworks";
				PRODUCT_BUNDLE_IDENTIFIER = "tiaopi.CGY.cgy-analyzedUITests";
				PRODUCT_NAME = "$(TARGET_NAME)";
				TEST_TARGET_NAME = cgy_analyzed;
			};
			name = Release;
		};
/* End XCBuildConfiguration section */

/* Begin XCConfigurationList section */
		FDE3982B1DF57D62000CA168 /* Build configuration list for PBXProject "cgy_analyzed" */ = {
			isa = XCConfigurationList;
			buildConfigurations = (
				FDE3985B1DF57D62000CA168 /* Debug */,
				FDE3985C1DF57D62000CA168 /* Release */,
			);
			defaultConfigurationIsVisible = 0;
			defaultConfigurationName = Release;
		};
		FDE3985D1DF57D62000CA168 /* Build configuration list for PBXNativeTarget "cgy_analyzed" */ = {
			isa = XCConfigurationList;
			buildConfigurations = (
				FDE3985E1DF57D62000CA168 /* Debug */,
				FDE3985F1DF57D62000CA168 /* Release */,
			);
			defaultConfigurationIsVisible = 0;
			defaultConfigurationName = Release;
		};
		FDE398601DF57D62000CA168 /* Build configuration list for PBXNativeTarget "cgy_analyzedTests" */ = {
			isa = XCConfigurationList;
			buildConfigurations = (
				FDE398611DF57D62000CA168 /* Debug */,
				FDE398621DF57D62000CA168 /* Release */,
			);
			defaultConfigurationIsVisible = 0;
			defaultConfigurationName = Release;
		};
		FDE398631DF57D62000CA168 /* Build configuration list for PBXNativeTarget "cgy_analyzedUITests" */ = {
			isa = XCConfigurationList;
			buildConfigurations = (
				FDE398641DF57D62000CA168 /* Debug */,
				FDE398651DF57D62000CA168 /* Release */,
			);
			defaultConfigurationIsVisible = 0;
			defaultConfigurationName = Release;
		};
/* End XCConfigurationList section */
	};
	rootObject = FDE398281DF57D62000CA168 /* Project object */;
}
